
Microsoft Visual Studio Solution File, Format Version 12.00
# Visual Studio Version 16
VisualStudioVersion = 16.0.29709.97
MinimumVisualStudioVersion = 10.0.40219.1
Project("{FAE04EC0-301F-11D3-BF4B-00C04F79EFBC}") = "HelloGame", "HelloGame\HelloGame.csproj", "{C5276899-8031-4089-BC14-4175C7691163}"
EndProject
Global
	GlobalSection(SolutionConfigurationPlatforms) = preSolution
		Debug|Any CPU = Debug|Any CPU
		Release|Any CPU = Release|Any CPU
	EndGlobalSection
	GlobalSection(ProjectConfigurationPlatforms) = postSolution
		{C5276899-8031-4089-BC14-4175C7691163}.Debug|Any CPU.ActiveCfg = Debug|Any CPU
		{C5276899-8031-4089-BC14-4175C7691163}.Debug|Any CPU.Build.0 = Debug|Any CPU
		{C5276899-8031-4089-BC14-4175C7691163}.Release|Any CPU.ActiveCfg = Release|Any CPU
		{C5276899-8031-4089-BC14-4175C7691163}.Release|Any CPU.Build.0 = Release|Any CPU
	EndGlobalSection
	GlobalSection(SolutionProperties) = preSolution
		HideSolutionNode = FALSE
	EndGlobalSection
	GlobalSection(ExtensibilityGlobals) = postSolution
		SolutionGuid = {11B07950-B02B-4988-9872-0E1FAFA4B3E5}
	EndGlobalSection
EndGlobal
